
Microsoft Visual Studio Solution File, Format Version 12.00
# Visual Studio Version 17
VisualStudioVersion = 17.0.31903.59
MinimumVisualStudioVersion = 10.0.40219.1
Project("{FAE04EC0-301F-11D3-BF4B-00C04F79EFBC}") = "SGuard", "guard\SGuard.csproj", "{5E76C925-4F18-4C69-A51E-E1ADF65E5A46}"
EndProject
Project("{FAE04EC0-301F-11D3-BF4B-00C04F79EFBC}") = "SGuard.Tests", "tests\SGuard.Tests.csproj", "{4B9AA5F6-DF71-4EE7-A069-8E31B20AFB1F}"
EndProject
Global
	GlobalSection(SolutionConfigurationPlatforms) = preSolution
		Debug|Any CPU = Debug|Any CPU
		Release|Any CPU = Release|Any CPU
	EndGlobalSection
	GlobalSection(SolutionProperties) = preSolution
		HideSolutionNode = FALSE
	EndGlobalSection
	GlobalSection(ProjectConfigurationPlatforms) = postSolution
		{5E76C925-4F18-4C69-A51E-E1ADF65E5A46}.Debug|Any CPU.ActiveCfg = Debug|Any CPU
		{5E76C925-4F18-4C69-A51E-E1ADF65E5A46}.Debug|Any CPU.Build.0 = Debug|Any CPU
		{5E76C925-4F18-4C69-A51E-E1ADF65E5A46}.Release|Any CPU.ActiveCfg = Release|Any CPU
		{5E76C925-4F18-4C69-A51E-E1ADF65E5A46}.Release|Any CPU.Build.0 = Release|Any CPU
		{4B9AA5F6-DF71-4EE7-A069-8E31B20AFB1F}.Debug|Any CPU.ActiveCfg = Debug|Any CPU
		{4B9AA5F6-DF71-4EE7-A069-8E31B20AFB1F}.Debug|Any CPU.Build.0 = Debug|Any CPU
		{4B9AA5F6-DF71-4EE7-A069-8E31B20AFB1F}.Release|Any CPU.ActiveCfg = Release|Any CPU
		{4B9AA5F6-DF71-4EE7-A069-8E31B20AFB1F}.Release|Any CPU.Build.0 = Release|Any CPU
	EndGlobalSection
EndGlobal
