
Microsoft Visual Studio Solution File, Format Version 12.00
# Visual Studio Version 17
VisualStudioVersion = 17.0.31903.59
MinimumVisualStudioVersion = 10.0.40219.1
Project("{FAE04EC0-301F-11D3-BF4B-00C04F79EFBC}") = "SGuard", "guard\SGuard.csproj", "{5E76C925-4F18-4C69-A51E-E1ADF65E5A46}"
EndProject
Project("{FAE04EC0-301F-11D3-BF4B-00C04F79EFBC}") = "SGuard.Tests", "tests\SGuard.Tests.csproj", "{4B9AA5F6-DF71-4EE7-A069-8E31B20AFB1F}"
EndProject
Project("{2150E333-8FDC-42A3-9474-1A3956D46DE8}") = ".github", ".github", "{560DDA23-88A9-44B2-A847-60E7B1F8615B}"
	ProjectSection(SolutionItems) = preProject
		.github\CODEOWNERS = .github\CODEOWNERS
		.github\CODEOWNERS.md = .github\CODEOWNERS.md
		.github\pull_request_template.md = .github\pull_request_template.md
	EndProjectSection
EndProject
Project("{2150E333-8FDC-42A3-9474-1A3956D46DE8}") = "workflows", "workflows", "{2F9E8C7D-9D17-43A2-9B69-6B8C50E0B1A2}"
	ProjectSection(SolutionItems) = preProject
		.github\workflows\ci.yml = .github\workflows\ci.yml
		.github\workflows\publish.yml = .github\workflows\publish.yml
		.github\workflows\coverage-readme.yml = .github\workflows\coverage-readme.yml
	EndProjectSection
EndProject
Project("{2150E333-8FDC-42A3-9474-1A3956D46DE8}") = "ISSUE_TEMPLATE", "ISSUE_TEMPLATE", "{8A45F1BC-6F8E-4B1A-9F5F-2D4C8E7A9B10}"
	ProjectSection(SolutionItems) = preProject
		.github\ISSUE_TEMPLATE\bug_report.md = .github\ISSUE_TEMPLATE\bug_report.md
		.github\ISSUE_TEMPLATE\feature_request.md = .github\ISSUE_TEMPLATE\feature_request.md
	EndProjectSection
EndProject
Project("{2150E333-8FDC-42A3-9474-1A3956D46DE8}") = "src", "src", "{A2B8C9D1-1234-4F56-AB78-9C0DEF123456}"
EndProject
Project("{2150E333-8FDC-42A3-9474-1A3956D46DE8}") = "tests", "tests", "{B3C9DAE2-2345-4A67-BC89-0DEF12345678}"
EndProject
Project("{2150E333-8FDC-42A3-9474-1A3956D46DE8}") = "Solution Items", "Solution Items", "{E2E9C2AB-7F3B-4CC5-9A58-7D3E22E7E9B1}"
	ProjectSection(SolutionItems) = preProject
		README.md = README.md
		LICENSE = LICENSE
		.gitattributes = .gitattributes
		Changelog.md = Changelog.md
		Security.md = Security.md
		CODE_OF_CONDUCT.md = CODE_OF_CONDUCT.md
		CONTRIBUTING.md = CONTRIBUTING.md
		.gitignore = .gitignore
		coverlet.runsettings = coverlet.runsettings
	EndProjectSection
EndProject
Global
	GlobalSection(SolutionConfigurationPlatforms) = preSolution
		Debug|Any CPU = Debug|Any CPU
		Release|Any CPU = Release|Any CPU
	EndGlobalSection
	GlobalSection(SolutionProperties) = preSolution
		HideSolutionNode = FALSE
	EndGlobalSection
	GlobalSection(ProjectConfigurationPlatforms) = postSolution
		{5E76C925-4F18-4C69-A51E-E1ADF65E5A46}.Debug|Any CPU.ActiveCfg = Debug|Any CPU
		{5E76C925-4F18-4C69-A51E-E1ADF65E5A46}.Debug|Any CPU.Build.0 = Debug|Any CPU
		{5E76C925-4F18-4C69-A51E-E1ADF65E5A46}.Release|Any CPU.ActiveCfg = Release|Any CPU
		{5E76C925-4F18-4C69-A51E-E1ADF65E5A46}.Release|Any CPU.Build.0 = Release|Any CPU
		{4B9AA5F6-DF71-4EE7-A069-8E31B20AFB1F}.Debug|Any CPU.ActiveCfg = Debug|Any CPU
		{4B9AA5F6-DF71-4EE7-A069-8E31B20AFB1F}.Debug|Any CPU.Build.0 = Debug|Any CPU
		{4B9AA5F6-DF71-4EE7-A069-8E31B20AFB1F}.Release|Any CPU.ActiveCfg = Release|Any CPU
		{4B9AA5F6-DF71-4EE7-A069-8E31B20AFB1F}.Release|Any CPU.Build.0 = Release|Any CPU
	EndGlobalSection
	GlobalSection(NestedProjects) = preSolution
		{5E76C925-4F18-4C69-A51E-E1ADF65E5A46} = {A2B8C9D1-1234-4F56-AB78-9C0DEF123456}
		{4B9AA5F6-DF71-4EE7-A069-8E31B20AFB1F} = {B3C9DAE2-2345-4A67-BC89-0DEF12345678}
		{2F9E8C7D-9D17-43A2-9B69-6B8C50E0B1A2} = {560DDA23-88A9-44B2-A847-60E7B1F8615B}
		{8A45F1BC-6F8E-4B1A-9F5F-2D4C8E7A9B10} = {560DDA23-88A9-44B2-A847-60E7B1F8615B}
	EndGlobalSection
EndGlobal
